// !$*UTF8*$!
{
	archiveVersion = 1;
	classes = {
	};
	objectVersion = 46;
	objects = {

/* Begin PBXBuildFile section */
		0074AF961AA00F8200E14398 /* main.m in Sources */ = {isa = PBXBuildFile; fileRef = 0074AF951AA00F8200E14398 /* main.m */; };
		0074AF991AA00F8200E14398 /* AppDelegate.m in Sources */ = {isa = PBXBuildFile; fileRef = 0074AF981AA00F8200E14398 /* AppDelegate.m */; };
		0074AF9C1AA00F8200E14398 /* ViewController.m in Sources */ = {isa = PBXBuildFile; fileRef = 0074AF9B1AA00F8200E14398 /* ViewController.m */; };
		0074AF9F1AA00F8200E14398 /* Main.storyboard in Resources */ = {isa = PBXBuildFile; fileRef = 0074AF9D1AA00F8200E14398 /* Main.storyboard */; };
		0074AFA11AA00F8200E14398 /* Images.xcassets in Resources */ = {isa = PBXBuildFile; fileRef = 0074AFA01AA00F8200E14398 /* Images.xcassets */; };
		0074AFA41AA00F8200E14398 /* LaunchScreen.xib in Resources */ = {isa = PBXBuildFile; fileRef = 0074AFA21AA00F8200E14398 /* LaunchScreen.xib */; };
		0074AFB01AA00F8200E14398 /* spotify_tutorialTests.m in Sources */ = {isa = PBXBuildFile; fileRef = 0074AFAF1AA00F8200E14398 /* spotify_tutorialTests.m */; };
		0074AFBB1AA0105000E14398 /* Spotify.framework in Frameworks */ = {isa = PBXBuildFile; fileRef = 0074AFB91AA00FE400E14398 /* Spotify.framework */; };
		0074AFBD1AA016CD00E14398 /* AVFoundation.framework in Frameworks */ = {isa = PBXBuildFile; fileRef = 0074AFBC1AA016CD00E14398 /* AVFoundation.framework */; };
/* End PBXBuildFile section */

/* Begin PBXContainerItemProxy section */
		0074AFAA1AA00F8200E14398 /* PBXContainerItemProxy */ = {
			isa = PBXContainerItemProxy;
			containerPortal = 0074AF881AA00F8200E14398 /* Project object */;
			proxyType = 1;
			remoteGlobalIDString = 0074AF8F1AA00F8200E14398;
			remoteInfo = "spotify tutorial";
		};
/* End PBXContainerItemProxy section */

/* Begin PBXFileReference section */
		0074AF901AA00F8200E14398 /* spotify tutorial.app */ = {isa = PBXFileReference; explicitFileType = wrapper.application; includeInIndex = 0; path = "spotify tutorial.app"; sourceTree = BUILT_PRODUCTS_DIR; };
		0074AF941AA00F8200E14398 /* Info.plist */ = {isa = PBXFileReference; lastKnownFileType = text.plist.xml; path = Info.plist; sourceTree = "<group>"; };
		0074AF951AA00F8200E14398 /* main.m */ = {isa = PBXFileReference; lastKnownFileType = sourcecode.c.objc; path = main.m; sourceTree = "<group>"; };
		0074AF971AA00F8200E14398 /* AppDelegate.h */ = {isa = PBXFileReference; lastKnownFileType = sourcecode.c.h; path = AppDelegate.h; sourceTree = "<group>"; };
		0074AF981AA00F8200E14398 /* AppDelegate.m */ = {isa = PBXFileReference; lastKnownFileType = sourcecode.c.objc; path = AppDelegate.m; sourceTree = "<group>"; };
		0074AF9A1AA00F8200E14398 /* ViewController.h */ = {isa = PBXFileReference; lastKnownFileType = sourcecode.c.h; path = ViewController.h; sourceTree = "<group>"; };
		0074AF9B1AA00F8200E14398 /* ViewController.m */ = {isa = PBXFileReference; lastKnownFileType = sourcecode.c.objc; path = ViewController.m; sourceTree = "<group>"; };
		0074AF9E1AA00F8200E14398 /* Base */ = {isa = PBXFileReference; lastKnownFileType = file.storyboard; name = Base; path = Base.lproj/Main.storyboard; sourceTree = "<group>"; };
		0074AFA01AA00F8200E14398 /* Images.xcassets */ = {isa = PBXFileReference; lastKnownFileType = folder.assetcatalog; path = Images.xcassets; sourceTree = "<group>"; };
		0074AFA31AA00F8200E14398 /* Base */ = {isa = PBXFileReference; lastKnownFileType = file.xib; name = Base; path = Base.lproj/LaunchScreen.xib; sourceTree = "<group>"; };
		0074AFA91AA00F8200E14398 /* spotify tutorialTests.xctest */ = {isa = PBXFileReference; explicitFileType = wrapper.cfbundle; includeInIndex = 0; path = "spotify tutorialTests.xctest"; sourceTree = BUILT_PRODUCTS_DIR; };
		0074AFAE1AA00F8200E14398 /* Info.plist */ = {isa = PBXFileReference; lastKnownFileType = text.plist.xml; path = Info.plist; sourceTree = "<group>"; };
		0074AFAF1AA00F8200E14398 /* spotify_tutorialTests.m */ = {isa = PBXFileReference; lastKnownFileType = sourcecode.c.objc; path = spotify_tutorialTests.m; sourceTree = "<group>"; };
		0074AFB91AA00FE400E14398 /* Spotify.framework */ = {isa = PBXFileReference; lastKnownFileType = wrapper.framework; name = Spotify.framework; path = "../../ios-sdk-beta-6/Spotify.framework"; sourceTree = "<group>"; };
		0074AFBC1AA016CD00E14398 /* AVFoundation.framework */ = {isa = PBXFileReference; lastKnownFileType = wrapper.framework; name = AVFoundation.framework; path = System/Library/Frameworks/AVFoundation.framework; sourceTree = SDKROOT; };
/* End PBXFileReference section */

/* Begin PBXFrameworksBuildPhase section */
		0074AF8D1AA00F8200E14398 /* Frameworks */ = {
			isa = PBXFrameworksBuildPhase;
			buildActionMask = 2147483647;
			files = (
				0074AFBD1AA016CD00E14398 /* AVFoundation.framework in Frameworks */,
				0074AFBB1AA0105000E14398 /* Spotify.framework in Frameworks */,
			);
			runOnlyForDeploymentPostprocessing = 0;
		};
		0074AFA61AA00F8200E14398 /* Frameworks */ = {
			isa = PBXFrameworksBuildPhase;
			buildActionMask = 2147483647;
			files = (
			);
			runOnlyForDeploymentPostprocessing = 0;
		};
/* End PBXFrameworksBuildPhase section */

/* Begin PBXGroup section */
		0074AF871AA00F8200E14398 = {
			isa = PBXGroup;
			children = (
				0074AFBC1AA016CD00E14398 /* AVFoundation.framework */,
				0074AFB91AA00FE400E14398 /* Spotify.framework */,
				0074AF921AA00F8200E14398 /* spotify tutorial */,
				0074AFAC1AA00F8200E14398 /* spotify tutorialTests */,
				0074AF911AA00F8200E14398 /* Products */,
			);
			sourceTree = "<group>";
		};
		0074AF911AA00F8200E14398 /* Products */ = {
			isa = PBXGroup;
			children = (
				0074AF901AA00F8200E14398 /* spotify tutorial.app */,
				0074AFA91AA00F8200E14398 /* spotify tutorialTests.xctest */,
			);
			name = Products;
			sourceTree = "<group>";
		};
		0074AF921AA00F8200E14398 /* spotify tutorial */ = {
			isa = PBXGroup;
			children = (
				0074AF971AA00F8200E14398 /* AppDelegate.h */,
				0074AF981AA00F8200E14398 /* AppDelegate.m */,
				0074AF9A1AA00F8200E14398 /* ViewController.h */,
				0074AF9B1AA00F8200E14398 /* ViewController.m */,
				0074AF9D1AA00F8200E14398 /* Main.storyboard */,
				0074AFA01AA00F8200E14398 /* Images.xcassets */,
				0074AFA21AA00F8200E14398 /* LaunchScreen.xib */,
				0074AF931AA00F8200E14398 /* Supporting Files */,
			);
			path = "spotify tutorial";
			sourceTree = "<group>";
		};
		0074AF931AA00F8200E14398 /* Supporting Files */ = {
			isa = PBXGroup;
			children = (
				0074AF941AA00F8200E14398 /* Info.plist */,
				0074AF951AA00F8200E14398 /* main.m */,
			);
			name = "Supporting Files";
			sourceTree = "<group>";
		};
		0074AFAC1AA00F8200E14398 /* spotify tutorialTests */ = {
			isa = PBXGroup;
			children = (
				0074AFAF1AA00F8200E14398 /* spotify_tutorialTests.m */,
				0074AFAD1AA00F8200E14398 /* Supporting Files */,
			);
			path = "spotify tutorialTests";
			sourceTree = "<group>";
		};
		0074AFAD1AA00F8200E14398 /* Supporting Files */ = {
			isa = PBXGroup;
			children = (
				0074AFAE1AA00F8200E14398 /* Info.plist */,
			);
			name = "Supporting Files";
			sourceTree = "<group>";
		};
/* End PBXGroup section */

/* Begin PBXNativeTarget section */
		0074AF8F1AA00F8200E14398 /* spotify tutorial */ = {
			isa = PBXNativeTarget;
			buildConfigurationList = 0074AFB31AA00F8200E14398 /* Build configuration list for PBXNativeTarget "spotify tutorial" */;
			buildPhases = (
				0074AF8C1AA00F8200E14398 /* Sources */,
				0074AF8D1AA00F8200E14398 /* Frameworks */,
				0074AF8E1AA00F8200E14398 /* Resources */,
			);
			buildRules = (
			);
			dependencies = (
			);
			name = "spotify tutorial";
			productName = "spotify tutorial";
			productReference = 0074AF901AA00F8200E14398 /* spotify tutorial.app */;
			productType = "com.apple.product-type.application";
		};
		0074AFA81AA00F8200E14398 /* spotify tutorialTests */ = {
			isa = PBXNativeTarget;
			buildConfigurationList = 0074AFB61AA00F8200E14398 /* Build configuration list for PBXNativeTarget "spotify tutorialTests" */;
			buildPhases = (
				0074AFA51AA00F8200E14398 /* Sources */,
				0074AFA61AA00F8200E14398 /* Frameworks */,
				0074AFA71AA00F8200E14398 /* Resources */,
			);
			buildRules = (
			);
			dependencies = (
				0074AFAB1AA00F8200E14398 /* PBXTargetDependency */,
			);
			name = "spotify tutorialTests";
			productName = "spotify tutorialTests";
			productReference = 0074AFA91AA00F8200E14398 /* spotify tutorialTests.xctest */;
			productType = "com.apple.product-type.bundle.unit-test";
		};
/* End PBXNativeTarget section */

/* Begin PBXProject section */
		0074AF881AA00F8200E14398 /* Project object */ = {
			isa = PBXProject;
			attributes = {
				LastUpgradeCheck = 0610;
				ORGANIZATIONNAME = "Kyle Tessier-Lavigne";
				TargetAttributes = {
					0074AF8F1AA00F8200E14398 = {
						CreatedOnToolsVersion = 6.1.1;
					};
					0074AFA81AA00F8200E14398 = {
						CreatedOnToolsVersion = 6.1.1;
						TestTargetID = 0074AF8F1AA00F8200E14398;
					};
				};
			};
			buildConfigurationList = 0074AF8B1AA00F8200E14398 /* Build configuration list for PBXProject "spotify tutorial" */;
			compatibilityVersion = "Xcode 3.2";
			developmentRegion = English;
			hasScannedForEncodings = 0;
			knownRegions = (
				en,
				Base,
			);
			mainGroup = 0074AF871AA00F8200E14398;
			productRefGroup = 0074AF911AA00F8200E14398 /* Products */;
			projectDirPath = "";
			projectRoot = "";
			targets = (
				0074AF8F1AA00F8200E14398 /* spotify tutorial */,
				0074AFA81AA00F8200E14398 /* spotify tutorialTests */,
			);
		};
/* End PBXProject section */

/* Begin PBXResourcesBuildPhase section */
		0074AF8E1AA00F8200E14398 /* Resources */ = {
			isa = PBXResourcesBuildPhase;
			buildActionMask = 2147483647;
			files = (
				0074AF9F1AA00F8200E14398 /* Main.storyboard in Resources */,
				0074AFA41AA00F8200E14398 /* LaunchScreen.xib in Resources */,
				0074AFA11AA00F8200E14398 /* Images.xcassets in Resources */,
			);
			runOnlyForDeploymentPostprocessing = 0;
		};
		0074AFA71AA00F8200E14398 /* Resources */ = {
			isa = PBXResourcesBuildPhase;
			buildActionMask = 2147483647;
			files = (
			);
			runOnlyForDeploymentPostprocessing = 0;
		};
/* End PBXResourcesBuildPhase section */

/* Begin PBXSourcesBuildPhase section */
		0074AF8C1AA00F8200E14398 /* Sources */ = {
			isa = PBXSourcesBuildPhase;
			buildActionMask = 2147483647;
			files = (
				0074AF9C1AA00F8200E14398 /* ViewController.m in Sources */,
				0074AF991AA00F8200E14398 /* AppDelegate.m in Sources */,
				0074AF961AA00F8200E14398 /* main.m in Sources */,
			);
			runOnlyForDeploymentPostprocessing = 0;
		};
		0074AFA51AA00F8200E14398 /* Sources */ = {
			isa = PBXSourcesBuildPhase;
			buildActionMask = 2147483647;
			files = (
				0074AFB01AA00F8200E14398 /* spotify_tutorialTests.m in Sources */,
			);
			runOnlyForDeploymentPostprocessing = 0;
		};
/* End PBXSourcesBuildPhase section */

/* Begin PBXTargetDependency section */
		0074AFAB1AA00F8200E14398 /* PBXTargetDependency */ = {
			isa = PBXTargetDependency;
			target = 0074AF8F1AA00F8200E14398 /* spotify tutorial */;
			targetProxy = 0074AFAA1AA00F8200E14398 /* PBXContainerItemProxy */;
		};
/* End PBXTargetDependency section */

/* Begin PBXVariantGroup section */
		0074AF9D1AA00F8200E14398 /* Main.storyboard */ = {
			isa = PBXVariantGroup;
			children = (
				0074AF9E1AA00F8200E14398 /* Base */,
			);
			name = Main.storyboard;
			sourceTree = "<group>";
		};
		0074AFA21AA00F8200E14398 /* LaunchScreen.xib */ = {
			isa = PBXVariantGroup;
			children = (
				0074AFA31AA00F8200E14398 /* Base */,
			);
			name = LaunchScreen.xib;
			sourceTree = "<group>";
		};
/* End PBXVariantGroup section */

/* Begin XCBuildConfiguration section */
		0074AFB11AA00F8200E14398 /* Debug */ = {
			isa = XCBuildConfiguration;
			buildSettings = {
				ALWAYS_SEARCH_USER_PATHS = NO;
				CLANG_CXX_LANGUAGE_STANDARD = "gnu++0x";
				CLANG_CXX_LIBRARY = "libc++";
				CLANG_ENABLE_MODULES = YES;
				CLANG_ENABLE_OBJC_ARC = YES;
				CLANG_WARN_BOOL_CONVERSION = YES;
				CLANG_WARN_CONSTANT_CONVERSION = YES;
				CLANG_WARN_DIRECT_OBJC_ISA_USAGE = YES_ERROR;
				CLANG_WARN_EMPTY_BODY = YES;
				CLANG_WARN_ENUM_CONVERSION = YES;
				CLANG_WARN_INT_CONVERSION = YES;
				CLANG_WARN_OBJC_ROOT_CLASS = YES_ERROR;
				CLANG_WARN_UNREACHABLE_CODE = YES;
				CLANG_WARN__DUPLICATE_METHOD_MATCH = YES;
				"CODE_SIGN_IDENTITY[sdk=iphoneos*]" = "iPhone Developer";
				COPY_PHASE_STRIP = NO;
				ENABLE_STRICT_OBJC_MSGSEND = YES;
				GCC_C_LANGUAGE_STANDARD = gnu99;
				GCC_DYNAMIC_NO_PIC = NO;
				GCC_OPTIMIZATION_LEVEL = 0;
				GCC_PREPROCESSOR_DEFINITIONS = (
					"DEBUG=1",
					"$(inherited)",
				);
				GCC_SYMBOLS_PRIVATE_EXTERN = NO;
				GCC_WARN_64_TO_32_BIT_CONVERSION = YES;
				GCC_WARN_ABOUT_RETURN_TYPE = YES_ERROR;
				GCC_WARN_UNDECLARED_SELECTOR = YES;
				GCC_WARN_UNINITIALIZED_AUTOS = YES_AGGRESSIVE;
				GCC_WARN_UNUSED_FUNCTION = YES;
				GCC_WARN_UNUSED_VARIABLE = YES;
				IPHONEOS_DEPLOYMENT_TARGET = 8.1;
				MTL_ENABLE_DEBUG_INFO = YES;
				ONLY_ACTIVE_ARCH = YES;
				SDKROOT = iphoneos;
				TARGETED_DEVICE_FAMILY = "1,2";
			};
			name = Debug;
		};
		0074AFB21AA00F8200E14398 /* Release */ = {
			isa = XCBuildConfiguration;
			buildSettings = {
				ALWAYS_SEARCH_USER_PATHS = NO;
				CLANG_CXX_LANGUAGE_STANDARD = "gnu++0x";
				CLANG_CXX_LIBRARY = "libc++";
				CLANG_ENABLE_MODULES = YES;
				CLANG_ENABLE_OBJC_ARC = YES;
				CLANG_WARN_BOOL_CONVERSION = YES;
				CLANG_WARN_CONSTANT_CONVERSION = YES;
				CLANG_WARN_DIRECT_OBJC_ISA_USAGE = YES_ERROR;
				CLANG_WARN_EMPTY_BODY = YES;
				CLANG_WARN_ENUM_CONVERSION = YES;
				CLANG_WARN_INT_CONVERSION = YES;
				CLANG_WARN_OBJC_ROOT_CLASS = YES_ERROR;
				CLANG_WARN_UNREACHABLE_CODE = YES;
				CLANG_WARN__DUPLICATE_METHOD_MATCH = YES;
				"CODE_SIGN_IDENTITY[sdk=iphoneos*]" = "iPhone Developer";
				COPY_PHASE_STRIP = YES;
				ENABLE_NS_ASSERTIONS = NO;
				ENABLE_STRICT_OBJC_MSGSEND = YES;
				GCC_C_LANGUAGE_STANDARD = gnu99;
				GCC_WARN_64_TO_32_BIT_CONVERSION = YES;
				GCC_WARN_ABOUT_RETURN_TYPE = YES_ERROR;
				GCC_WARN_UNDECLARED_SELECTOR = YES;
				GCC_WARN_UNINITIALIZED_AUTOS = YES_AGGRESSIVE;
				GCC_WARN_UNUSED_FUNCTION = YES;
				GCC_WARN_UNUSED_VARIABLE = YES;
				IPHONEOS_DEPLOYMENT_TARGET = 8.1;
				MTL_ENABLE_DEBUG_INFO = NO;
				SDKROOT = iphoneos;
				TARGETED_DEVICE_FAMILY = "1,2";
				VALIDATE_PRODUCT = YES;
			};
			name = Release;
		};
		0074AFB41AA00F8200E14398 /* Debug */ = {
			isa = XCBuildConfiguration;
			buildSettings = {
				ASSETCATALOG_COMPILER_APPICON_NAME = AppIcon;
				FRAMEWORK_SEARCH_PATHS = (
					"$(inherited)",
					"/Users/kyletl/Desktop/ios-sdk-beta-6",
				);
				INFOPLIST_FILE = "spotify tutorial/Info.plist";
				LD_RUNPATH_SEARCH_PATHS = "$(inherited) @executable_path/Frameworks";
				OTHER_LDFLAGS = "-ObjC";
				PRODUCT_NAME = "$(TARGET_NAME)";
			};
			name = Debug;
		};
		0074AFB51AA00F8200E14398 /* Release */ = {
			isa = XCBuildConfiguration;
			buildSettings = {
				ASSETCATALOG_COMPILER_APPICON_NAME = AppIcon;
				FRAMEWORK_SEARCH_PATHS = (
					"$(inherited)",
					"/Users/kyletl/Desktop/ios-sdk-beta-6",
				);
				INFOPLIST_FILE = "spotify tutorial/Info.plist";
				LD_RUNPATH_SEARCH_PATHS = "$(inherited) @executable_path/Frameworks";
				OTHER_LDFLAGS = "-ObjC";
				PRODUCT_NAME = "$(TARGET_NAME)";
			};
			name = Release;
		};
		0074AFB71AA00F8200E14398 /* Debug */ = {
			isa = XCBuildConfiguration;
			buildSettings = {
				BUNDLE_LOADER = "$(TEST_HOST)";
				FRAMEWORK_SEARCH_PATHS = (
					"$(SDKROOT)/Developer/Library/Frameworks",
					"$(inherited)",
				);
				GCC_PREPROCESSOR_DEFINITIONS = (
					"DEBUG=1",
					"$(inherited)",
				);
				INFOPLIST_FILE = "spotify tutorialTests/Info.plist";
				LD_RUNPATH_SEARCH_PATHS = "$(inherited) @executable_path/Frameworks @loader_path/Frameworks";
				PRODUCT_NAME = "$(TARGET_NAME)";
				TEST_HOST = "$(BUILT_PRODUCTS_DIR)/spotify tutorial.app/spotify tutorial";
			};
			name = Debug;
		};
		0074AFB81AA00F8200E14398 /* Release */ = {
			isa = XCBuildConfiguration;
			buildSettings = {
				BUNDLE_LOADER = "$(TEST_HOST)";
				FRAMEWORK_SEARCH_PATHS = (
					"$(SDKROOT)/Developer/Library/Frameworks",
					"$(inherited)",
				);
				INFOPLIST_FILE = "spotify tutorialTests/Info.plist";
				LD_RUNPATH_SEARCH_PATHS = "$(inherited) @executable_path/Frameworks @loader_path/Frameworks";
				PRODUCT_NAME = "$(TARGET_NAME)";
				TEST_HOST = "$(BUILT_PRODUCTS_DIR)/spotify tutorial.app/spotify tutorial";
			};
			name = Release;
		};
/* End XCBuildConfiguration section */

/* Begin XCConfigurationList section */
		0074AF8B1AA00F8200E14398 /* Build configuration list for PBXProject "spotify tutorial" */ = {
			isa = XCConfigurationList;
			buildConfigurations = (
				0074AFB11AA00F8200E14398 /* Debug */,
				0074AFB21AA00F8200E14398 /* Release */,
			);
			defaultConfigurationIsVisible = 0;
			defaultConfigurationName = Release;
		};
		0074AFB31AA00F8200E14398 /* Build configuration list for PBXNativeTarget "spotify tutorial" */ = {
			isa = XCConfigurationList;
			buildConfigurations = (
				0074AFB41AA00F8200E14398 /* Debug */,
				0074AFB51AA00F8200E14398 /* Release */,
			);
			defaultConfigurationIsVisible = 0;
		};
		0074AFB61AA00F8200E14398 /* Build configuration list for PBXNativeTarget "spotify tutorialTests" */ = {
			isa = XCConfigurationList;
			buildConfigurations = (
				0074AFB71AA00F8200E14398 /* Debug */,
				0074AFB81AA00F8200E14398 /* Release */,
			);
			defaultConfigurationIsVisible = 0;
		};
/* End XCConfigurationList section */
	};
	rootObject = 0074AF881AA00F8200E14398 /* Project object */;
}
